
Microsoft Visual Studio Solution File, Format Version 12.00
# Visual Studio Version 17
VisualStudioVersion = 17.2.32630.192
MinimumVisualStudioVersion = 10.0.40219.1
Project("{8BC9CEB8-8B4A-11D0-8D11-00A0C91BC942}") = "1.单例模式", "单例模式\单例模式.vcxproj", "{CA92C4D4-A6A1-4CEF-8DB7-92C554976B1B}"
EndProject
Project("{8BC9CEB8-8B4A-11D0-8D11-00A0C91BC942}") = "2.简单工厂", "简单工厂\简单工厂.vcxproj", "{85206A2D-17E2-44DF-AAF8-BF65123FB650}"
EndProject
Project("{8BC9CEB8-8B4A-11D0-8D11-00A0C91BC942}") = "3.工厂模式", "工厂模式\工厂模式.vcxproj", "{37A7746A-49F9-422A-97FC-993B033184D3}"
EndProject
Project("{8BC9CEB8-8B4A-11D0-8D11-00A0C91BC942}") = "4.抽象工厂模式", "抽象工厂模式\抽象工厂模式.vcxproj", "{E21F9FC7-3C1E-41C9-9F49-8E3BD00775E0}"
EndProject
Project("{8BC9CEB8-8B4A-11D0-8D11-00A0C91BC942}") = "5.建筑者模式", "建筑者模式\建筑者模式.vcxproj", "{B080C127-0F8C-4D2D-B7DB-74CB90661FDB}"
EndProject
Project("{8BC9CEB8-8B4A-11D0-8D11-00A0C91BC942}") = "6.原型模式", "原型模式\原型模式.vcxproj", "{40C7C3E1-0841-4994-B3B2-48FBA6045BA1}"
EndProject
Project("{8BC9CEB8-8B4A-11D0-8D11-00A0C91BC942}") = "8.代理模式", "代理模式\代理模式.vcxproj", "{2AF86583-6C7A-4A16-B1A4-A6E6A37CC9FD}"
EndProject
Project("{8BC9CEB8-8B4A-11D0-8D11-00A0C91BC942}") = "9.装饰模式", "装饰模式\装饰模式.vcxproj", "{F25AC9E3-FF2D-443C-8801-36D9097739C2}"
EndProject
Project("{8BC9CEB8-8B4A-11D0-8D11-00A0C91BC942}") = "10.适配器模式", "适配器模式\适配器模式.vcxproj", "{663CEEE3-26A2-44B8-81BD-DB9002B5A855}"
EndProject
Project("{8BC9CEB8-8B4A-11D0-8D11-00A0C91BC942}") = "11.桥接模式", "桥接模式\桥接模式.vcxproj", "{9DC56B72-3F20-4CF9-B9B0-635B3517B740}"
EndProject
Project("{8BC9CEB8-8B4A-11D0-8D11-00A0C91BC942}") = "12.外观模式", "外观模式\外观模式.vcxproj", "{40E5E78D-D0A5-4DCE-A511-3189D99F5A3D}"
EndProject
Project("{8BC9CEB8-8B4A-11D0-8D11-00A0C91BC942}") = "13.享元模式", "享元模式\享元模式.vcxproj", "{4FB37F57-55E6-4EC9-8E2B-B5F81F7547FE}"
EndProject
Project("{8BC9CEB8-8B4A-11D0-8D11-00A0C91BC942}") = "14.组合模式", "组合模式\组合模式.vcxproj", "{3068F2DF-4921-49D6-8600-EEB6661EA36F}"
EndProject
Project("{8BC9CEB8-8B4A-11D0-8D11-00A0C91BC942}") = "14.模板模式", "模板模式\模板模式.vcxproj", "{B0BF4F5B-3A17-4D9E-ADB9-7A2DE4BD51FE}"
EndProject
Project("{8BC9CEB8-8B4A-11D0-8D11-00A0C91BC942}") = "15.命令模式", "命令 模式\命令 模式.vcxproj", "{003F3E2B-1630-4FD7-818C-1183C76EB4CA}"
EndProject
Project("{8BC9CEB8-8B4A-11D0-8D11-00A0C91BC942}") = "16.责任链模式", "责任链模式\责任链模式.vcxproj", "{080D3715-6F5B-436F-94ED-5EB793F9A667}"
EndProject
Project("{8BC9CEB8-8B4A-11D0-8D11-00A0C91BC942}") = "17.策略模式", "策略模式\策略模式.vcxproj", "{5C089B45-6028-43E5-B11B-92D8C191EAC8}"
EndProject
Project("{8BC9CEB8-8B4A-11D0-8D11-00A0C91BC942}") = "18.观察者模式", "观察者模式\观察者模式.vcxproj", "{BDFB2DF0-74DE-4C6B-B37F-5358EDA7570B}"
EndProject
Project("{8BC9CEB8-8B4A-11D0-8D11-00A0C91BC942}") = "22.状态模式", "状态模式\状态模式.vcxproj", "{C81B3BF2-EEDB-4DA4-94CD-0224618D390F}"
EndProject
Project("{8BC9CEB8-8B4A-11D0-8D11-00A0C91BC942}") = "24.迭代器模式", "迭代器模式\迭代器模式.vcxproj", "{F68A3DA9-5C77-4305-9AD5-71099C8704B1}"
EndProject
Project("{8BC9CEB8-8B4A-11D0-8D11-00A0C91BC942}") = "19.访问者模式", "访问者模式\访问者模式.vcxproj", "{D04CF74B-5786-4D79-9E95-0E7B31709486}"
EndProject
Project("{8BC9CEB8-8B4A-11D0-8D11-00A0C91BC942}") = "20.中介者模式", "中介者模式\中介者模式.vcxproj", "{DECCA987-3EAE-43A3-925F-8A0A69F5FD80}"
EndProject
Project("{8BC9CEB8-8B4A-11D0-8D11-00A0C91BC942}") = "21.备忘录模式", "备忘录模式\备忘录模式.vcxproj", "{75B30AAF-CD03-40CB-8FE8-79700CF6FCEB}"
EndProject
Project("{8BC9CEB8-8B4A-11D0-8D11-00A0C91BC942}") = "23.解释器模式", "解释器模式\解释器模式.vcxproj", "{FD7209F7-FA20-42F2-A4C2-2C9BA6A16010}"
EndProject
Global
	GlobalSection(SolutionConfigurationPlatforms) = preSolution
		Debug|x64 = Debug|x64
		Debug|x86 = Debug|x86
		Release|x64 = Release|x64
		Release|x86 = Release|x86
	EndGlobalSection
	GlobalSection(ProjectConfigurationPlatforms) = postSolution
		{CA92C4D4-A6A1-4CEF-8DB7-92C554976B1B}.Debug|x64.ActiveCfg = Debug|x64
		{CA92C4D4-A6A1-4CEF-8DB7-92C554976B1B}.Debug|x64.Build.0 = Debug|x64
		{CA92C4D4-A6A1-4CEF-8DB7-92C554976B1B}.Debug|x86.ActiveCfg = Debug|Win32
		{CA92C4D4-A6A1-4CEF-8DB7-92C554976B1B}.Debug|x86.Build.0 = Debug|Win32
		{CA92C4D4-A6A1-4CEF-8DB7-92C554976B1B}.Release|x64.ActiveCfg = Release|x64
		{CA92C4D4-A6A1-4CEF-8DB7-92C554976B1B}.Release|x64.Build.0 = Release|x64
		{CA92C4D4-A6A1-4CEF-8DB7-92C554976B1B}.Release|x86.ActiveCfg = Release|Win32
		{CA92C4D4-A6A1-4CEF-8DB7-92C554976B1B}.Release|x86.Build.0 = Release|Win32
		{85206A2D-17E2-44DF-AAF8-BF65123FB650}.Debug|x64.ActiveCfg = Debug|x64
		{85206A2D-17E2-44DF-AAF8-BF65123FB650}.Debug|x64.Build.0 = Debug|x64
		{85206A2D-17E2-44DF-AAF8-BF65123FB650}.Debug|x86.ActiveCfg = Debug|Win32
		{85206A2D-17E2-44DF-AAF8-BF65123FB650}.Debug|x86.Build.0 = Debug|Win32
		{85206A2D-17E2-44DF-AAF8-BF65123FB650}.Release|x64.ActiveCfg = Release|x64
		{85206A2D-17E2-44DF-AAF8-BF65123FB650}.Release|x64.Build.0 = Release|x64
		{85206A2D-17E2-44DF-AAF8-BF65123FB650}.Release|x86.ActiveCfg = Release|Win32
		{85206A2D-17E2-44DF-AAF8-BF65123FB650}.Release|x86.Build.0 = Release|Win32
		{37A7746A-49F9-422A-97FC-993B033184D3}.Debug|x64.ActiveCfg = Debug|x64
		{37A7746A-49F9-422A-97FC-993B033184D3}.Debug|x64.Build.0 = Debug|x64
		{37A7746A-49F9-422A-97FC-993B033184D3}.Debug|x86.ActiveCfg = Debug|Win32
		{37A7746A-49F9-422A-97FC-993B033184D3}.Debug|x86.Build.0 = Debug|Win32
		{37A7746A-49F9-422A-97FC-993B033184D3}.Release|x64.ActiveCfg = Release|x64
		{37A7746A-49F9-422A-97FC-993B033184D3}.Release|x64.Build.0 = Release|x64
		{37A7746A-49F9-422A-97FC-993B033184D3}.Release|x86.ActiveCfg = Release|Win32
		{37A7746A-49F9-422A-97FC-993B033184D3}.Release|x86.Build.0 = Release|Win32
		{E21F9FC7-3C1E-41C9-9F49-8E3BD00775E0}.Debug|x64.ActiveCfg = Debug|x64
		{E21F9FC7-3C1E-41C9-9F49-8E3BD00775E0}.Debug|x64.Build.0 = Debug|x64
		{E21F9FC7-3C1E-41C9-9F49-8E3BD00775E0}.Debug|x86.ActiveCfg = Debug|Win32
		{E21F9FC7-3C1E-41C9-9F49-8E3BD00775E0}.Debug|x86.Build.0 = Debug|Win32
		{E21F9FC7-3C1E-41C9-9F49-8E3BD00775E0}.Release|x64.ActiveCfg = Release|x64
		{E21F9FC7-3C1E-41C9-9F49-8E3BD00775E0}.Release|x64.Build.0 = Release|x64
		{E21F9FC7-3C1E-41C9-9F49-8E3BD00775E0}.Release|x86.ActiveCfg = Release|Win32
		{E21F9FC7-3C1E-41C9-9F49-8E3BD00775E0}.Release|x86.Build.0 = Release|Win32
		{B080C127-0F8C-4D2D-B7DB-74CB90661FDB}.Debug|x64.ActiveCfg = Debug|x64
		{B080C127-0F8C-4D2D-B7DB-74CB90661FDB}.Debug|x64.Build.0 = Debug|x64
		{B080C127-0F8C-4D2D-B7DB-74CB90661FDB}.Debug|x86.ActiveCfg = Debug|Win32
		{B080C127-0F8C-4D2D-B7DB-74CB90661FDB}.Debug|x86.Build.0 = Debug|Win32
		{B080C127-0F8C-4D2D-B7DB-74CB90661FDB}.Release|x64.ActiveCfg = Release|x64
		{B080C127-0F8C-4D2D-B7DB-74CB90661FDB}.Release|x64.Build.0 = Release|x64
		{B080C127-0F8C-4D2D-B7DB-74CB90661FDB}.Release|x86.ActiveCfg = Release|Win32
		{B080C127-0F8C-4D2D-B7DB-74CB90661FDB}.Release|x86.Build.0 = Release|Win32
		{40C7C3E1-0841-4994-B3B2-48FBA6045BA1}.Debug|x64.ActiveCfg = Debug|x64
		{40C7C3E1-0841-4994-B3B2-48FBA6045BA1}.Debug|x64.Build.0 = Debug|x64
		{40C7C3E1-0841-4994-B3B2-48FBA6045BA1}.Debug|x86.ActiveCfg = Debug|Win32
		{40C7C3E1-0841-4994-B3B2-48FBA6045BA1}.Debug|x86.Build.0 = Debug|Win32
		{40C7C3E1-0841-4994-B3B2-48FBA6045BA1}.Release|x64.ActiveCfg = Release|x64
		{40C7C3E1-0841-4994-B3B2-48FBA6045BA1}.Release|x64.Build.0 = Release|x64
		{40C7C3E1-0841-4994-B3B2-48FBA6045BA1}.Release|x86.ActiveCfg = Release|Win32
		{40C7C3E1-0841-4994-B3B2-48FBA6045BA1}.Release|x86.Build.0 = Release|Win32
		{2AF86583-6C7A-4A16-B1A4-A6E6A37CC9FD}.Debug|x64.ActiveCfg = Debug|x64
		{2AF86583-6C7A-4A16-B1A4-A6E6A37CC9FD}.Debug|x64.Build.0 = Debug|x64
		{2AF86583-6C7A-4A16-B1A4-A6E6A37CC9FD}.Debug|x86.ActiveCfg = Debug|Win32
		{2AF86583-6C7A-4A16-B1A4-A6E6A37CC9FD}.Debug|x86.Build.0 = Debug|Win32
		{2AF86583-6C7A-4A16-B1A4-A6E6A37CC9FD}.Release|x64.ActiveCfg = Release|x64
		{2AF86583-6C7A-4A16-B1A4-A6E6A37CC9FD}.Release|x64.Build.0 = Release|x64
		{2AF86583-6C7A-4A16-B1A4-A6E6A37CC9FD}.Release|x86.ActiveCfg = Release|Win32
		{2AF86583-6C7A-4A16-B1A4-A6E6A37CC9FD}.Release|x86.Build.0 = Release|Win32
		{F25AC9E3-FF2D-443C-8801-36D9097739C2}.Debug|x64.ActiveCfg = Debug|x64
		{F25AC9E3-FF2D-443C-8801-36D9097739C2}.Debug|x64.Build.0 = Debug|x64
		{F25AC9E3-FF2D-443C-8801-36D9097739C2}.Debug|x86.ActiveCfg = Debug|Win32
		{F25AC9E3-FF2D-443C-8801-36D9097739C2}.Debug|x86.Build.0 = Debug|Win32
		{F25AC9E3-FF2D-443C-8801-36D9097739C2}.Release|x64.ActiveCfg = Release|x64
		{F25AC9E3-FF2D-443C-8801-36D9097739C2}.Release|x64.Build.0 = Release|x64
		{F25AC9E3-FF2D-443C-8801-36D9097739C2}.Release|x86.ActiveCfg = Release|Win32
		{F25AC9E3-FF2D-443C-8801-36D9097739C2}.Release|x86.Build.0 = Release|Win32
		{663CEEE3-26A2-44B8-81BD-DB9002B5A855}.Debug|x64.ActiveCfg = Debug|x64
		{663CEEE3-26A2-44B8-81BD-DB9002B5A855}.Debug|x64.Build.0 = Debug|x64
		{663CEEE3-26A2-44B8-81BD-DB9002B5A855}.Debug|x86.ActiveCfg = Debug|Win32
		{663CEEE3-26A2-44B8-81BD-DB9002B5A855}.Debug|x86.Build.0 = Debug|Win32
		{663CEEE3-26A2-44B8-81BD-DB9002B5A855}.Release|x64.ActiveCfg = Release|x64
		{663CEEE3-26A2-44B8-81BD-DB9002B5A855}.Release|x64.Build.0 = Release|x64
		{663CEEE3-26A2-44B8-81BD-DB9002B5A855}.Release|x86.ActiveCfg = Release|Win32
		{663CEEE3-26A2-44B8-81BD-DB9002B5A855}.Release|x86.Build.0 = Release|Win32
		{9DC56B72-3F20-4CF9-B9B0-635B3517B740}.Debug|x64.ActiveCfg = Debug|x64
		{9DC56B72-3F20-4CF9-B9B0-635B3517B740}.Debug|x64.Build.0 = Debug|x64
		{9DC56B72-3F20-4CF9-B9B0-635B3517B740}.Debug|x86.ActiveCfg = Debug|Win32
		{9DC56B72-3F20-4CF9-B9B0-635B3517B740}.Debug|x86.Build.0 = Debug|Win32
		{9DC56B72-3F20-4CF9-B9B0-635B3517B740}.Release|x64.ActiveCfg = Release|x64
		{9DC56B72-3F20-4CF9-B9B0-635B3517B740}.Release|x64.Build.0 = Release|x64
		{9DC56B72-3F20-4CF9-B9B0-635B3517B740}.Release|x86.ActiveCfg = Release|Win32
		{9DC56B72-3F20-4CF9-B9B0-635B3517B740}.Release|x86.Build.0 = Release|Win32
		{40E5E78D-D0A5-4DCE-A511-3189D99F5A3D}.Debug|x64.ActiveCfg = Debug|x64
		{40E5E78D-D0A5-4DCE-A511-3189D99F5A3D}.Debug|x64.Build.0 = Debug|x64
		{40E5E78D-D0A5-4DCE-A511-3189D99F5A3D}.Debug|x86.ActiveCfg = Debug|Win32
		{40E5E78D-D0A5-4DCE-A511-3189D99F5A3D}.Debug|x86.Build.0 = Debug|Win32
		{40E5E78D-D0A5-4DCE-A511-3189D99F5A3D}.Release|x64.ActiveCfg = Release|x64
		{40E5E78D-D0A5-4DCE-A511-3189D99F5A3D}.Release|x64.Build.0 = Release|x64
		{40E5E78D-D0A5-4DCE-A511-3189D99F5A3D}.Release|x86.ActiveCfg = Release|Win32
		{40E5E78D-D0A5-4DCE-A511-3189D99F5A3D}.Release|x86.Build.0 = Release|Win32
		{4FB37F57-55E6-4EC9-8E2B-B5F81F7547FE}.Debug|x64.ActiveCfg = Debug|x64
		{4FB37F57-55E6-4EC9-8E2B-B5F81F7547FE}.Debug|x64.Build.0 = Debug|x64
		{4FB37F57-55E6-4EC9-8E2B-B5F81F7547FE}.Debug|x86.ActiveCfg = Debug|Win32
		{4FB37F57-55E6-4EC9-8E2B-B5F81F7547FE}.Debug|x86.Build.0 = Debug|Win32
		{4FB37F57-55E6-4EC9-8E2B-B5F81F7547FE}.Release|x64.ActiveCfg = Release|x64
		{4FB37F57-55E6-4EC9-8E2B-B5F81F7547FE}.Release|x64.Build.0 = Release|x64
		{4FB37F57-55E6-4EC9-8E2B-B5F81F7547FE}.Release|x86.ActiveCfg = Release|Win32
		{4FB37F57-55E6-4EC9-8E2B-B5F81F7547FE}.Release|x86.Build.0 = Release|Win32
		{3068F2DF-4921-49D6-8600-EEB6661EA36F}.Debug|x64.ActiveCfg = Debug|x64
		{3068F2DF-4921-49D6-8600-EEB6661EA36F}.Debug|x64.Build.0 = Debug|x64
		{3068F2DF-4921-49D6-8600-EEB6661EA36F}.Debug|x86.ActiveCfg = Debug|Win32
		{3068F2DF-4921-49D6-8600-EEB6661EA36F}.Debug|x86.Build.0 = Debug|Win32
		{3068F2DF-4921-49D6-8600-EEB6661EA36F}.Release|x64.ActiveCfg = Release|x64
		{3068F2DF-4921-49D6-8600-EEB6661EA36F}.Release|x64.Build.0 = Release|x64
		{3068F2DF-4921-49D6-8600-EEB6661EA36F}.Release|x86.ActiveCfg = Release|Win32
		{3068F2DF-4921-49D6-8600-EEB6661EA36F}.Release|x86.Build.0 = Release|Win32
		{B0BF4F5B-3A17-4D9E-ADB9-7A2DE4BD51FE}.Debug|x64.ActiveCfg = Debug|x64
		{B0BF4F5B-3A17-4D9E-ADB9-7A2DE4BD51FE}.Debug|x64.Build.0 = Debug|x64
		{B0BF4F5B-3A17-4D9E-ADB9-7A2DE4BD51FE}.Debug|x86.ActiveCfg = Debug|Win32
		{B0BF4F5B-3A17-4D9E-ADB9-7A2DE4BD51FE}.Debug|x86.Build.0 = Debug|Win32
		{B0BF4F5B-3A17-4D9E-ADB9-7A2DE4BD51FE}.Release|x64.ActiveCfg = Release|x64
		{B0BF4F5B-3A17-4D9E-ADB9-7A2DE4BD51FE}.Release|x64.Build.0 = Release|x64
		{B0BF4F5B-3A17-4D9E-ADB9-7A2DE4BD51FE}.Release|x86.ActiveCfg = Release|Win32
		{B0BF4F5B-3A17-4D9E-ADB9-7A2DE4BD51FE}.Release|x86.Build.0 = Release|Win32
		{003F3E2B-1630-4FD7-818C-1183C76EB4CA}.Debug|x64.ActiveCfg = Debug|x64
		{003F3E2B-1630-4FD7-818C-1183C76EB4CA}.Debug|x64.Build.0 = Debug|x64
		{003F3E2B-1630-4FD7-818C-1183C76EB4CA}.Debug|x86.ActiveCfg = Debug|Win32
		{003F3E2B-1630-4FD7-818C-1183C76EB4CA}.Debug|x86.Build.0 = Debug|Win32
		{003F3E2B-1630-4FD7-818C-1183C76EB4CA}.Release|x64.ActiveCfg = Release|x64
		{003F3E2B-1630-4FD7-818C-1183C76EB4CA}.Release|x64.Build.0 = Release|x64
		{003F3E2B-1630-4FD7-818C-1183C76EB4CA}.Release|x86.ActiveCfg = Release|Win32
		{003F3E2B-1630-4FD7-818C-1183C76EB4CA}.Release|x86.Build.0 = Release|Win32
		{080D3715-6F5B-436F-94ED-5EB793F9A667}.Debug|x64.ActiveCfg = Debug|x64
		{080D3715-6F5B-436F-94ED-5EB793F9A667}.Debug|x64.Build.0 = Debug|x64
		{080D3715-6F5B-436F-94ED-5EB793F9A667}.Debug|x86.ActiveCfg = Debug|Win32
		{080D3715-6F5B-436F-94ED-5EB793F9A667}.Debug|x86.Build.0 = Debug|Win32
		{080D3715-6F5B-436F-94ED-5EB793F9A667}.Release|x64.ActiveCfg = Release|x64
		{080D3715-6F5B-436F-94ED-5EB793F9A667}.Release|x64.Build.0 = Release|x64
		{080D3715-6F5B-436F-94ED-5EB793F9A667}.Release|x86.ActiveCfg = Release|Win32
		{080D3715-6F5B-436F-94ED-5EB793F9A667}.Release|x86.Build.0 = Release|Win32
		{5C089B45-6028-43E5-B11B-92D8C191EAC8}.Debug|x64.ActiveCfg = Debug|x64
		{5C089B45-6028-43E5-B11B-92D8C191EAC8}.Debug|x64.Build.0 = Debug|x64
		{5C089B45-6028-43E5-B11B-92D8C191EAC8}.Debug|x86.ActiveCfg = Debug|Win32
		{5C089B45-6028-43E5-B11B-92D8C191EAC8}.Debug|x86.Build.0 = Debug|Win32
		{5C089B45-6028-43E5-B11B-92D8C191EAC8}.Release|x64.ActiveCfg = Release|x64
		{5C089B45-6028-43E5-B11B-92D8C191EAC8}.Release|x64.Build.0 = Release|x64
		{5C089B45-6028-43E5-B11B-92D8C191EAC8}.Release|x86.ActiveCfg = Release|Win32
		{5C089B45-6028-43E5-B11B-92D8C191EAC8}.Release|x86.Build.0 = Release|Win32
		{BDFB2DF0-74DE-4C6B-B37F-5358EDA7570B}.Debug|x64.ActiveCfg = Debug|x64
		{BDFB2DF0-74DE-4C6B-B37F-5358EDA7570B}.Debug|x64.Build.0 = Debug|x64
		{BDFB2DF0-74DE-4C6B-B37F-5358EDA7570B}.Debug|x86.ActiveCfg = Debug|Win32
		{BDFB2DF0-74DE-4C6B-B37F-5358EDA7570B}.Debug|x86.Build.0 = Debug|Win32
		{BDFB2DF0-74DE-4C6B-B37F-5358EDA7570B}.Release|x64.ActiveCfg = Release|x64
		{BDFB2DF0-74DE-4C6B-B37F-5358EDA7570B}.Release|x64.Build.0 = Release|x64
		{BDFB2DF0-74DE-4C6B-B37F-5358EDA7570B}.Release|x86.ActiveCfg = Release|Win32
		{BDFB2DF0-74DE-4C6B-B37F-5358EDA7570B}.Release|x86.Build.0 = Release|Win32
		{C81B3BF2-EEDB-4DA4-94CD-0224618D390F}.Debug|x64.ActiveCfg = Debug|x64
		{C81B3BF2-EEDB-4DA4-94CD-0224618D390F}.Debug|x64.Build.0 = Debug|x64
		{C81B3BF2-EEDB-4DA4-94CD-0224618D390F}.Debug|x86.ActiveCfg = Debug|Win32
		{C81B3BF2-EEDB-4DA4-94CD-0224618D390F}.Debug|x86.Build.0 = Debug|Win32
		{C81B3BF2-EEDB-4DA4-94CD-0224618D390F}.Release|x64.ActiveCfg = Release|x64
		{C81B3BF2-EEDB-4DA4-94CD-0224618D390F}.Release|x64.Build.0 = Release|x64
		{C81B3BF2-EEDB-4DA4-94CD-0224618D390F}.Release|x86.ActiveCfg = Release|Win32
		{C81B3BF2-EEDB-4DA4-94CD-0224618D390F}.Release|x86.Build.0 = Release|Win32
		{F68A3DA9-5C77-4305-9AD5-71099C8704B1}.Debug|x64.ActiveCfg = Debug|x64
		{F68A3DA9-5C77-4305-9AD5-71099C8704B1}.Debug|x64.Build.0 = Debug|x64
		{F68A3DA9-5C77-4305-9AD5-71099C8704B1}.Debug|x86.ActiveCfg = Debug|Win32
		{F68A3DA9-5C77-4305-9AD5-71099C8704B1}.Debug|x86.Build.0 = Debug|Win32
		{F68A3DA9-5C77-4305-9AD5-71099C8704B1}.Release|x64.ActiveCfg = Release|x64
		{F68A3DA9-5C77-4305-9AD5-71099C8704B1}.Release|x64.Build.0 = Release|x64
		{F68A3DA9-5C77-4305-9AD5-71099C8704B1}.Release|x86.ActiveCfg = Release|Win32
		{F68A3DA9-5C77-4305-9AD5-71099C8704B1}.Release|x86.Build.0 = Release|Win32
		{D04CF74B-5786-4D79-9E95-0E7B31709486}.Debug|x64.ActiveCfg = Debug|x64
		{D04CF74B-5786-4D79-9E95-0E7B31709486}.Debug|x64.Build.0 = Debug|x64
		{D04CF74B-5786-4D79-9E95-0E7B31709486}.Debug|x86.ActiveCfg = Debug|Win32
		{D04CF74B-5786-4D79-9E95-0E7B31709486}.Debug|x86.Build.0 = Debug|Win32
		{D04CF74B-5786-4D79-9E95-0E7B31709486}.Release|x64.ActiveCfg = Release|x64
		{D04CF74B-5786-4D79-9E95-0E7B31709486}.Release|x64.Build.0 = Release|x64
		{D04CF74B-5786-4D79-9E95-0E7B31709486}.Release|x86.ActiveCfg = Release|Win32
		{D04CF74B-5786-4D79-9E95-0E7B31709486}.Release|x86.Build.0 = Release|Win32
		{DECCA987-3EAE-43A3-925F-8A0A69F5FD80}.Debug|x64.ActiveCfg = Debug|x64
		{DECCA987-3EAE-43A3-925F-8A0A69F5FD80}.Debug|x64.Build.0 = Debug|x64
		{DECCA987-3EAE-43A3-925F-8A0A69F5FD80}.Debug|x86.ActiveCfg = Debug|Win32
		{DECCA987-3EAE-43A3-925F-8A0A69F5FD80}.Debug|x86.Build.0 = Debug|Win32
		{DECCA987-3EAE-43A3-925F-8A0A69F5FD80}.Release|x64.ActiveCfg = Release|x64
		{DECCA987-3EAE-43A3-925F-8A0A69F5FD80}.Release|x64.Build.0 = Release|x64
		{DECCA987-3EAE-43A3-925F-8A0A69F5FD80}.Release|x86.ActiveCfg = Release|Win32
		{DECCA987-3EAE-43A3-925F-8A0A69F5FD80}.Release|x86.Build.0 = Release|Win32
		{75B30AAF-CD03-40CB-8FE8-79700CF6FCEB}.Debug|x64.ActiveCfg = Debug|x64
		{75B30AAF-CD03-40CB-8FE8-79700CF6FCEB}.Debug|x64.Build.0 = Debug|x64
		{75B30AAF-CD03-40CB-8FE8-79700CF6FCEB}.Debug|x86.ActiveCfg = Debug|Win32
		{75B30AAF-CD03-40CB-8FE8-79700CF6FCEB}.Debug|x86.Build.0 = Debug|Win32
		{75B30AAF-CD03-40CB-8FE8-79700CF6FCEB}.Release|x64.ActiveCfg = Release|x64
		{75B30AAF-CD03-40CB-8FE8-79700CF6FCEB}.Release|x64.Build.0 = Release|x64
		{75B30AAF-CD03-40CB-8FE8-79700CF6FCEB}.Release|x86.ActiveCfg = Release|Win32
		{75B30AAF-CD03-40CB-8FE8-79700CF6FCEB}.Release|x86.Build.0 = Release|Win32
		{FD7209F7-FA20-42F2-A4C2-2C9BA6A16010}.Debug|x64.ActiveCfg = Debug|x64
		{FD7209F7-FA20-42F2-A4C2-2C9BA6A16010}.Debug|x64.Build.0 = Debug|x64
		{FD7209F7-FA20-42F2-A4C2-2C9BA6A16010}.Debug|x86.ActiveCfg = Debug|Win32
		{FD7209F7-FA20-42F2-A4C2-2C9BA6A16010}.Debug|x86.Build.0 = Debug|Win32
		{FD7209F7-FA20-42F2-A4C2-2C9BA6A16010}.Release|x64.ActiveCfg = Release|x64
		{FD7209F7-FA20-42F2-A4C2-2C9BA6A16010}.Release|x64.Build.0 = Release|x64
		{FD7209F7-FA20-42F2-A4C2-2C9BA6A16010}.Release|x86.ActiveCfg = Release|Win32
		{FD7209F7-FA20-42F2-A4C2-2C9BA6A16010}.Release|x86.Build.0 = Release|Win32
	EndGlobalSection
	GlobalSection(SolutionProperties) = preSolution
		HideSolutionNode = FALSE
	EndGlobalSection
	GlobalSection(ExtensibilityGlobals) = postSolution
		SolutionGuid = {CE9D07EF-E39C-4927-B677-EF2C93F3A249}
	EndGlobalSection
EndGlobal
